{
  "requires": true,
  "lockfileVersion": 1,
  "dependencies": {
    "leaflet": {
      "version": "1.6.0",
      "resolved": "https://registry.npmjs.org/leaflet/-/leaflet-1.6.0.tgz",
      "integrity": "sha512-CPkhyqWUKZKFJ6K8umN5/D2wrJ2+/8UIpXppY7QDnUZW5bZL5+SEI2J7GBpwh4LIupOKqbNSQXgqmrEJopHVNQ=="
    },
    "papaparse": {
      "version": "5.1.1",
      "resolved": "https://registry.npmjs.org/papaparse/-/papaparse-5.1.1.tgz",
      "integrity": "sha512-KPkW4GNQxunmYTeJIjHFrvilcNuHBWrfgbyvmagEmfGOA4hnP1WIkPbv4yABhj1Nam3as4w+7MBiI27BntwqVg=="
    },
    "url-search-params-polyfill": {
      "version": "8.1.0",
      "resolved": "https://registry.npmjs.org/url-search-params-polyfill/-/url-search-params-polyfill-8.1.0.tgz",
      "integrity": "sha512-MRG3vzXyG20BJ2fox50/9ZRoe+2h3RM7DIudVD2u/GY9MtayO1Dkrna76IUOak+uoUPVWbyR0pHCzxctP/eDYQ=="
    }
  }
}
